
Microsoft Visual Studio Solution File, Format Version 12.00
# Visual Studio 14
VisualStudioVersion = 14.0.25420.1
MinimumVisualStudioVersion = 10.0.40219.1
Project("{8BC9CEB8-8B4A-11D0-8D11-00A0C91BC942}") = "Pingus-WinRT", "Pingus-WinRT\Pingus-WinRT.vcxproj", "{EA0876B0-1B64-48A5-9CCC-71438A776555}"
EndProject
Project("{8BC9CEB8-8B4A-11D0-8D11-00A0C91BC942}") = "SDL2-WinRT81", "..\external\SDL\VisualC-WinRT\WinRT81_VS2013\SDL-WinRT81.vcxproj", "{C8DF6173-06A1-4F56-A9BC-2002596B30E9}"
EndProject
Project("{8BC9CEB8-8B4A-11D0-8D11-00A0C91BC942}") = "SDL2_image-WinRT81", "..\external\SDL_image\VisualC-WinRT\WinRT81_VS2013\SDL_image-WinRT81.vcxproj", "{29B4D11F-59F3-4EBC-A769-3BABD140DB9A}"
EndProject
Project("{8BC9CEB8-8B4A-11D0-8D11-00A0C91BC942}") = "SDL2_mixer-WinRT81", "..\external\SDL_mixer\VisualC-WinRT\WinRT81_VS2013\SDL_mixer-WinRT81.vcxproj", "{3A833C7A-C776-4202-9DBD-BC879B23C605}"
EndProject
Project("{8BC9CEB8-8B4A-11D0-8D11-00A0C91BC942}") = "jpeg-WinRT81", "..\external\SDL_image\VisualC-WinRT\WinRT81_VS2013\jpeg-WinRT81.vcxproj", "{2E908AD5-95E9-4B2D-BD6E-BA3EA4C1A2EE}"
EndProject
Project("{8BC9CEB8-8B4A-11D0-8D11-00A0C91BC942}") = "libpng-WinRT81", "..\external\SDL_image\VisualC-WinRT\WinRT81_VS2013\libpng-WinRT81.vcxproj", "{5FBDC49A-7939-40F9-B78E-975F190ADBD3}"
EndProject
Project("{8BC9CEB8-8B4A-11D0-8D11-00A0C91BC942}") = "libwebp-WinRT81", "..\external\SDL_image\VisualC-WinRT\WinRT81_VS2013\libwebp-WinRT81.vcxproj", "{1EB035A3-815A-4382-90D3-4510AB605AD9}"
EndProject
Project("{8BC9CEB8-8B4A-11D0-8D11-00A0C91BC942}") = "zlib-WinRT81", "..\external\SDL_image\VisualC-WinRT\WinRT81_VS2013\zlib-WinRT81.vcxproj", "{ACEA4101-6F4A-44ED-9EC1-289821DAC711}"
EndProject
Project("{2150E333-8FDC-42A3-9474-1A3956D46DE8}") = "boost", "boost", "{75E6DA8F-333E-488D-8DFA-01C4DB708E75}"
EndProject
Project("{2150E333-8FDC-42A3-9474-1A3956D46DE8}") = "SDL", "SDL", "{62B11107-83FC-49DE-8D5E-434933554B9C}"
EndProject
Project("{2150E333-8FDC-42A3-9474-1A3956D46DE8}") = "image", "image", "{7FD06D21-B10E-4EE0-8EF7-FA2CBA48220E}"
EndProject
Project("{2150E333-8FDC-42A3-9474-1A3956D46DE8}") = "dependencies", "dependencies", "{AF3A3BDA-0421-4B05-B5BD-4859142803DA}"
EndProject
Project("{2150E333-8FDC-42A3-9474-1A3956D46DE8}") = "mixer", "mixer", "{93991D46-0946-49B8-AE5B-775E8F69E28B}"
EndProject
Project("{8BC9CEB8-8B4A-11D0-8D11-00A0C91BC942}") = "libogg_dynamic-WinRT81", "..\external\SDL_mixer\VisualC-WinRT\WinRT81_VS2013\libogg_dynamic-WinRT81.vcxproj", "{6BC6349C-E355-4F1C-9290-FF755114A84B}"
EndProject
Project("{2150E333-8FDC-42A3-9474-1A3956D46DE8}") = "dependencies", "dependencies", "{373FA17E-E1CF-47D8-8200-6F480E3B0708}"
EndProject
Project("{8BC9CEB8-8B4A-11D0-8D11-00A0C91BC942}") = "libvorbis_dynamic-WinRT81", "..\external\SDL_mixer\VisualC-WinRT\WinRT81_VS2013\libvorbis_dynamic-WinRT81.vcxproj", "{E3AB27F1-EB89-4C65-85DF-CB6A4F805753}"
EndProject
Project("{8BC9CEB8-8B4A-11D0-8D11-00A0C91BC942}") = "libvorbisfile_dynamic-WinRT81", "..\external\SDL_mixer\VisualC-WinRT\WinRT81_VS2013\libvorbisfile_dynamic-WinRT81.vcxproj", "{936B2819-2364-45D9-901D-52878914FAFA}"
EndProject
Project("{8BC9CEB8-8B4A-11D0-8D11-00A0C91BC942}") = "boost_filesystem-WinRT81", "..\external\boost\WinRT\WinRT81_VS2015\boost_filesystem-WinRT81\boost_filesystem-WinRT81.vcxproj", "{C0C0BC04-8274-40F6-B735-5A9D44C92CBA}"
EndProject
Project("{8BC9CEB8-8B4A-11D0-8D11-00A0C91BC942}") = "boost_system-WinRT81", "..\external\boost\WinRT\WinRT81_VS2015\boost_system-WinRT81\boost_system-WinRT81.vcxproj", "{65913E5A-FED7-4CDF-A17C-07112EBA1081}"
EndProject
Project("{2150E333-8FDC-42A3-9474-1A3956D46DE8}") = "external", "external", "{D88129B3-CE87-499E-B55A-C0EB080C39EE}"
EndProject
Project("{8BC9CEB8-8B4A-11D0-8D11-00A0C91BC942}") = "tinygettext_WinRT81", "..\external\tinygettext\WinRT\WinRT81_VS2013\tinygettext-WinRT81.vcxproj", "{B17D23BF-DB1F-471D-B95E-4B332AEFA70A}"
EndProject
Project("{8BC9CEB8-8B4A-11D0-8D11-00A0C91BC942}") = "libiconv-WinRT81", "..\external\libiconv\WinRT\WinRT81_VS2013\libiconv-WinRT81\libiconv-WinRT81.vcxproj", "{FBFCFB44-AEDB-4403-9B2A-2800FBAF70E2}"
EndProject
Project("{8BC9CEB8-8B4A-11D0-8D11-00A0C91BC942}") = "logmich-WinRT81", "..\external\logmich\WinRT\WinRT81_VS2013\logmich-WinRT81\logmich-WinRT81.vcxproj", "{1328A12F-E030-4EE7-8A95-A0B1075C039C}"
EndProject
Project("{8BC9CEB8-8B4A-11D0-8D11-00A0C91BC942}") = "jsoncpp-WinRT81", "..\external\jsoncpp\WinRT\WinRT81_VS2013\jsoncpp-WinRT81\jsoncpp-WinRT81.vcxproj", "{6CC02F41-E1BE-4059-BF76-F3923DE7BB9F}"
EndProject
Project("{8BC9CEB8-8B4A-11D0-8D11-00A0C91BC942}") = "sexp-cpp-WinRT81", "..\external\sexp-cpp\WinRT\WinRT81_VS2013\sexp-cpp-WinRT81\sexp-cpp-WinRT81.vcxproj", "{04EE73CD-B66F-42B4-ABA4-1E5D0FF5D857}"
EndProject
Project("{8BC9CEB8-8B4A-11D0-8D11-00A0C91BC942}") = "boost_signals-WinRT81", "..\external\boost\WinRT\WinRT81_VS2015\boost_signals-WinRT81\boost_signals-WinRT81.vcxproj", "{7F4D2E8D-0E90-451C-829B-6EB84B049C93}"
EndProject
Project("{2150E333-8FDC-42A3-9474-1A3956D46DE8}") = "core", "core", "{95FF8F5A-BEA2-4D41-97A7-361482C10224}"
EndProject
Global
	GlobalSection(SolutionConfigurationPlatforms) = preSolution
		Debug|ARM = Debug|ARM
		Debug|x64 = Debug|x64
		Debug|x86 = Debug|x86
		Release|ARM = Release|ARM
		Release|x64 = Release|x64
		Release|x86 = Release|x86
	EndGlobalSection
	GlobalSection(ProjectConfigurationPlatforms) = postSolution
		{EA0876B0-1B64-48A5-9CCC-71438A776555}.Debug|ARM.ActiveCfg = Debug|ARM
		{EA0876B0-1B64-48A5-9CCC-71438A776555}.Debug|ARM.Build.0 = Debug|ARM
		{EA0876B0-1B64-48A5-9CCC-71438A776555}.Debug|ARM.Deploy.0 = Debug|ARM
		{EA0876B0-1B64-48A5-9CCC-71438A776555}.Debug|x64.ActiveCfg = Debug|x64
		{EA0876B0-1B64-48A5-9CCC-71438A776555}.Debug|x64.Build.0 = Debug|x64
		{EA0876B0-1B64-48A5-9CCC-71438A776555}.Debug|x64.Deploy.0 = Debug|x64
		{EA0876B0-1B64-48A5-9CCC-71438A776555}.Debug|x86.ActiveCfg = Debug|Win32
		{EA0876B0-1B64-48A5-9CCC-71438A776555}.Debug|x86.Build.0 = Debug|Win32
		{EA0876B0-1B64-48A5-9CCC-71438A776555}.Debug|x86.Deploy.0 = Debug|Win32
		{EA0876B0-1B64-48A5-9CCC-71438A776555}.Release|ARM.ActiveCfg = Release|ARM
		{EA0876B0-1B64-48A5-9CCC-71438A776555}.Release|ARM.Build.0 = Release|ARM
		{EA0876B0-1B64-48A5-9CCC-71438A776555}.Release|ARM.Deploy.0 = Release|ARM
		{EA0876B0-1B64-48A5-9CCC-71438A776555}.Release|x64.ActiveCfg = Release|x64
		{EA0876B0-1B64-48A5-9CCC-71438A776555}.Release|x64.Build.0 = Release|x64
		{EA0876B0-1B64-48A5-9CCC-71438A776555}.Release|x64.Deploy.0 = Release|x64
		{EA0876B0-1B64-48A5-9CCC-71438A776555}.Release|x86.ActiveCfg = Release|Win32
		{EA0876B0-1B64-48A5-9CCC-71438A776555}.Release|x86.Build.0 = Release|Win32
		{EA0876B0-1B64-48A5-9CCC-71438A776555}.Release|x86.Deploy.0 = Release|Win32
		{C8DF6173-06A1-4F56-A9BC-2002596B30E9}.Debug|ARM.ActiveCfg = Debug|ARM
		{C8DF6173-06A1-4F56-A9BC-2002596B30E9}.Debug|ARM.Build.0 = Debug|ARM
		{C8DF6173-06A1-4F56-A9BC-2002596B30E9}.Debug|x64.ActiveCfg = Debug|x64
		{C8DF6173-06A1-4F56-A9BC-2002596B30E9}.Debug|x64.Build.0 = Debug|x64
		{C8DF6173-06A1-4F56-A9BC-2002596B30E9}.Debug|x86.ActiveCfg = Debug|Win32
		{C8DF6173-06A1-4F56-A9BC-2002596B30E9}.Debug|x86.Build.0 = Debug|Win32
		{C8DF6173-06A1-4F56-A9BC-2002596B30E9}.Release|ARM.ActiveCfg = Release|ARM
		{C8DF6173-06A1-4F56-A9BC-2002596B30E9}.Release|ARM.Build.0 = Release|ARM
		{C8DF6173-06A1-4F56-A9BC-2002596B30E9}.Release|x64.ActiveCfg = Release|x64
		{C8DF6173-06A1-4F56-A9BC-2002596B30E9}.Release|x64.Build.0 = Release|x64
		{C8DF6173-06A1-4F56-A9BC-2002596B30E9}.Release|x86.ActiveCfg = Release|Win32
		{C8DF6173-06A1-4F56-A9BC-2002596B30E9}.Release|x86.Build.0 = Release|Win32
		{29B4D11F-59F3-4EBC-A769-3BABD140DB9A}.Debug|ARM.ActiveCfg = Debug|ARM
		{29B4D11F-59F3-4EBC-A769-3BABD140DB9A}.Debug|ARM.Build.0 = Debug|ARM
		{29B4D11F-59F3-4EBC-A769-3BABD140DB9A}.Debug|x64.ActiveCfg = Debug|x64
		{29B4D11F-59F3-4EBC-A769-3BABD140DB9A}.Debug|x64.Build.0 = Debug|x64
		{29B4D11F-59F3-4EBC-A769-3BABD140DB9A}.Debug|x86.ActiveCfg = Debug|Win32
		{29B4D11F-59F3-4EBC-A769-3BABD140DB9A}.Debug|x86.Build.0 = Debug|Win32
		{29B4D11F-59F3-4EBC-A769-3BABD140DB9A}.Release|ARM.ActiveCfg = Release|ARM
		{29B4D11F-59F3-4EBC-A769-3BABD140DB9A}.Release|ARM.Build.0 = Release|ARM
		{29B4D11F-59F3-4EBC-A769-3BABD140DB9A}.Release|x64.ActiveCfg = Release|x64
		{29B4D11F-59F3-4EBC-A769-3BABD140DB9A}.Release|x64.Build.0 = Release|x64
		{29B4D11F-59F3-4EBC-A769-3BABD140DB9A}.Release|x86.ActiveCfg = Release|Win32
		{29B4D11F-59F3-4EBC-A769-3BABD140DB9A}.Release|x86.Build.0 = Release|Win32
		{3A833C7A-C776-4202-9DBD-BC879B23C605}.Debug|ARM.ActiveCfg = Debug|ARM
		{3A833C7A-C776-4202-9DBD-BC879B23C605}.Debug|ARM.Build.0 = Debug|ARM
		{3A833C7A-C776-4202-9DBD-BC879B23C605}.Debug|x64.ActiveCfg = Debug|x64
		{3A833C7A-C776-4202-9DBD-BC879B23C605}.Debug|x64.Build.0 = Debug|x64
		{3A833C7A-C776-4202-9DBD-BC879B23C605}.Debug|x86.ActiveCfg = Debug|Win32
		{3A833C7A-C776-4202-9DBD-BC879B23C605}.Debug|x86.Build.0 = Debug|Win32
		{3A833C7A-C776-4202-9DBD-BC879B23C605}.Release|ARM.ActiveCfg = Release|ARM
		{3A833C7A-C776-4202-9DBD-BC879B23C605}.Release|ARM.Build.0 = Release|ARM
		{3A833C7A-C776-4202-9DBD-BC879B23C605}.Release|x64.ActiveCfg = Release|x64
		{3A833C7A-C776-4202-9DBD-BC879B23C605}.Release|x64.Build.0 = Release|x64
		{3A833C7A-C776-4202-9DBD-BC879B23C605}.Release|x86.ActiveCfg = Release|Win32
		{3A833C7A-C776-4202-9DBD-BC879B23C605}.Release|x86.Build.0 = Release|Win32
		{2E908AD5-95E9-4B2D-BD6E-BA3EA4C1A2EE}.Debug|ARM.ActiveCfg = Debug|ARM
		{2E908AD5-95E9-4B2D-BD6E-BA3EA4C1A2EE}.Debug|ARM.Build.0 = Debug|ARM
		{2E908AD5-95E9-4B2D-BD6E-BA3EA4C1A2EE}.Debug|x64.ActiveCfg = Debug|x64
		{2E908AD5-95E9-4B2D-BD6E-BA3EA4C1A2EE}.Debug|x64.Build.0 = Debug|x64
		{2E908AD5-95E9-4B2D-BD6E-BA3EA4C1A2EE}.Debug|x86.ActiveCfg = Debug|Win32
		{2E908AD5-95E9-4B2D-BD6E-BA3EA4C1A2EE}.Debug|x86.Build.0 = Debug|Win32
		{2E908AD5-95E9-4B2D-BD6E-BA3EA4C1A2EE}.Release|ARM.ActiveCfg = Release|ARM
		{2E908AD5-95E9-4B2D-BD6E-BA3EA4C1A2EE}.Release|ARM.Build.0 = Release|ARM
		{2E908AD5-95E9-4B2D-BD6E-BA3EA4C1A2EE}.Release|x64.ActiveCfg = Release|x64
		{2E908AD5-95E9-4B2D-BD6E-BA3EA4C1A2EE}.Release|x64.Build.0 = Release|x64
		{2E908AD5-95E9-4B2D-BD6E-BA3EA4C1A2EE}.Release|x86.ActiveCfg = Release|Win32
		{2E908AD5-95E9-4B2D-BD6E-BA3EA4C1A2EE}.Release|x86.Build.0 = Release|Win32
		{5FBDC49A-7939-40F9-B78E-975F190ADBD3}.Debug|ARM.ActiveCfg = Debug|ARM
		{5FBDC49A-7939-40F9-B78E-975F190ADBD3}.Debug|ARM.Build.0 = Debug|ARM
		{5FBDC49A-7939-40F9-B78E-975F190ADBD3}.Debug|x64.ActiveCfg = Debug|x64
		{5FBDC49A-7939-40F9-B78E-975F190ADBD3}.Debug|x64.Build.0 = Debug|x64
		{5FBDC49A-7939-40F9-B78E-975F190ADBD3}.Debug|x86.ActiveCfg = Debug|Win32
		{5FBDC49A-7939-40F9-B78E-975F190ADBD3}.Debug|x86.Build.0 = Debug|Win32
		{5FBDC49A-7939-40F9-B78E-975F190ADBD3}.Release|ARM.ActiveCfg = Release|ARM
		{5FBDC49A-7939-40F9-B78E-975F190ADBD3}.Release|ARM.Build.0 = Release|ARM
		{5FBDC49A-7939-40F9-B78E-975F190ADBD3}.Release|x64.ActiveCfg = Release|x64
		{5FBDC49A-7939-40F9-B78E-975F190ADBD3}.Release|x64.Build.0 = Release|x64
		{5FBDC49A-7939-40F9-B78E-975F190ADBD3}.Release|x86.ActiveCfg = Release|Win32
		{5FBDC49A-7939-40F9-B78E-975F190ADBD3}.Release|x86.Build.0 = Release|Win32
		{1EB035A3-815A-4382-90D3-4510AB605AD9}.Debug|ARM.ActiveCfg = Debug|ARM
		{1EB035A3-815A-4382-90D3-4510AB605AD9}.Debug|ARM.Build.0 = Debug|ARM
		{1EB035A3-815A-4382-90D3-4510AB605AD9}.Debug|x64.ActiveCfg = Debug|x64
		{1EB035A3-815A-4382-90D3-4510AB605AD9}.Debug|x64.Build.0 = Debug|x64
		{1EB035A3-815A-4382-90D3-4510AB605AD9}.Debug|x86.ActiveCfg = Debug|Win32
		{1EB035A3-815A-4382-90D3-4510AB605AD9}.Debug|x86.Build.0 = Debug|Win32
		{1EB035A3-815A-4382-90D3-4510AB605AD9}.Release|ARM.ActiveCfg = Release|ARM
		{1EB035A3-815A-4382-90D3-4510AB605AD9}.Release|ARM.Build.0 = Release|ARM
		{1EB035A3-815A-4382-90D3-4510AB605AD9}.Release|x64.ActiveCfg = Release|x64
		{1EB035A3-815A-4382-90D3-4510AB605AD9}.Release|x64.Build.0 = Release|x64
		{1EB035A3-815A-4382-90D3-4510AB605AD9}.Release|x86.ActiveCfg = Release|Win32
		{1EB035A3-815A-4382-90D3-4510AB605AD9}.Release|x86.Build.0 = Release|Win32
		{ACEA4101-6F4A-44ED-9EC1-289821DAC711}.Debug|ARM.ActiveCfg = Debug|ARM
		{ACEA4101-6F4A-44ED-9EC1-289821DAC711}.Debug|ARM.Build.0 = Debug|ARM
		{ACEA4101-6F4A-44ED-9EC1-289821DAC711}.Debug|x64.ActiveCfg = Debug|x64
		{ACEA4101-6F4A-44ED-9EC1-289821DAC711}.Debug|x64.Build.0 = Debug|x64
		{ACEA4101-6F4A-44ED-9EC1-289821DAC711}.Debug|x86.ActiveCfg = Debug|Win32
		{ACEA4101-6F4A-44ED-9EC1-289821DAC711}.Debug|x86.Build.0 = Debug|Win32
		{ACEA4101-6F4A-44ED-9EC1-289821DAC711}.Release|ARM.ActiveCfg = Release|ARM
		{ACEA4101-6F4A-44ED-9EC1-289821DAC711}.Release|ARM.Build.0 = Release|ARM
		{ACEA4101-6F4A-44ED-9EC1-289821DAC711}.Release|x64.ActiveCfg = Release|x64
		{ACEA4101-6F4A-44ED-9EC1-289821DAC711}.Release|x64.Build.0 = Release|x64
		{ACEA4101-6F4A-44ED-9EC1-289821DAC711}.Release|x86.ActiveCfg = Release|Win32
		{ACEA4101-6F4A-44ED-9EC1-289821DAC711}.Release|x86.Build.0 = Release|Win32
		{6BC6349C-E355-4F1C-9290-FF755114A84B}.Debug|ARM.ActiveCfg = Debug|ARM
		{6BC6349C-E355-4F1C-9290-FF755114A84B}.Debug|ARM.Build.0 = Debug|ARM
		{6BC6349C-E355-4F1C-9290-FF755114A84B}.Debug|x64.ActiveCfg = Debug|x64
		{6BC6349C-E355-4F1C-9290-FF755114A84B}.Debug|x64.Build.0 = Debug|x64
		{6BC6349C-E355-4F1C-9290-FF755114A84B}.Debug|x86.ActiveCfg = Debug|Win32
		{6BC6349C-E355-4F1C-9290-FF755114A84B}.Debug|x86.Build.0 = Debug|Win32
		{6BC6349C-E355-4F1C-9290-FF755114A84B}.Release|ARM.ActiveCfg = Release|ARM
		{6BC6349C-E355-4F1C-9290-FF755114A84B}.Release|ARM.Build.0 = Release|ARM
		{6BC6349C-E355-4F1C-9290-FF755114A84B}.Release|x64.ActiveCfg = Release|x64
		{6BC6349C-E355-4F1C-9290-FF755114A84B}.Release|x64.Build.0 = Release|x64
		{6BC6349C-E355-4F1C-9290-FF755114A84B}.Release|x86.ActiveCfg = Release|Win32
		{6BC6349C-E355-4F1C-9290-FF755114A84B}.Release|x86.Build.0 = Release|Win32
		{E3AB27F1-EB89-4C65-85DF-CB6A4F805753}.Debug|ARM.ActiveCfg = Debug|ARM
		{E3AB27F1-EB89-4C65-85DF-CB6A4F805753}.Debug|ARM.Build.0 = Debug|ARM
		{E3AB27F1-EB89-4C65-85DF-CB6A4F805753}.Debug|x64.ActiveCfg = Debug|x64
		{E3AB27F1-EB89-4C65-85DF-CB6A4F805753}.Debug|x64.Build.0 = Debug|x64
		{E3AB27F1-EB89-4C65-85DF-CB6A4F805753}.Debug|x86.ActiveCfg = Debug|Win32
		{E3AB27F1-EB89-4C65-85DF-CB6A4F805753}.Debug|x86.Build.0 = Debug|Win32
		{E3AB27F1-EB89-4C65-85DF-CB6A4F805753}.Release|ARM.ActiveCfg = Release|ARM
		{E3AB27F1-EB89-4C65-85DF-CB6A4F805753}.Release|ARM.Build.0 = Release|ARM
		{E3AB27F1-EB89-4C65-85DF-CB6A4F805753}.Release|x64.ActiveCfg = Release|x64
		{E3AB27F1-EB89-4C65-85DF-CB6A4F805753}.Release|x64.Build.0 = Release|x64
		{E3AB27F1-EB89-4C65-85DF-CB6A4F805753}.Release|x86.ActiveCfg = Release|Win32
		{E3AB27F1-EB89-4C65-85DF-CB6A4F805753}.Release|x86.Build.0 = Release|Win32
		{936B2819-2364-45D9-901D-52878914FAFA}.Debug|ARM.ActiveCfg = Debug|ARM
		{936B2819-2364-45D9-901D-52878914FAFA}.Debug|ARM.Build.0 = Debug|ARM
		{936B2819-2364-45D9-901D-52878914FAFA}.Debug|x64.ActiveCfg = Debug|x64
		{936B2819-2364-45D9-901D-52878914FAFA}.Debug|x64.Build.0 = Debug|x64
		{936B2819-2364-45D9-901D-52878914FAFA}.Debug|x86.ActiveCfg = Debug|Win32
		{936B2819-2364-45D9-901D-52878914FAFA}.Debug|x86.Build.0 = Debug|Win32
		{936B2819-2364-45D9-901D-52878914FAFA}.Release|ARM.ActiveCfg = Release|ARM
		{936B2819-2364-45D9-901D-52878914FAFA}.Release|ARM.Build.0 = Release|ARM
		{936B2819-2364-45D9-901D-52878914FAFA}.Release|x64.ActiveCfg = Release|x64
		{936B2819-2364-45D9-901D-52878914FAFA}.Release|x64.Build.0 = Release|x64
		{936B2819-2364-45D9-901D-52878914FAFA}.Release|x86.ActiveCfg = Release|Win32
		{936B2819-2364-45D9-901D-52878914FAFA}.Release|x86.Build.0 = Release|Win32
		{C0C0BC04-8274-40F6-B735-5A9D44C92CBA}.Debug|ARM.ActiveCfg = Debug|ARM
		{C0C0BC04-8274-40F6-B735-5A9D44C92CBA}.Debug|ARM.Build.0 = Debug|ARM
		{C0C0BC04-8274-40F6-B735-5A9D44C92CBA}.Debug|x64.ActiveCfg = Debug|x64
		{C0C0BC04-8274-40F6-B735-5A9D44C92CBA}.Debug|x64.Build.0 = Debug|x64
		{C0C0BC04-8274-40F6-B735-5A9D44C92CBA}.Debug|x86.ActiveCfg = Debug|Win32
		{C0C0BC04-8274-40F6-B735-5A9D44C92CBA}.Debug|x86.Build.0 = Debug|Win32
		{C0C0BC04-8274-40F6-B735-5A9D44C92CBA}.Release|ARM.ActiveCfg = Release|ARM
		{C0C0BC04-8274-40F6-B735-5A9D44C92CBA}.Release|ARM.Build.0 = Release|ARM
		{C0C0BC04-8274-40F6-B735-5A9D44C92CBA}.Release|x64.ActiveCfg = Release|x64
		{C0C0BC04-8274-40F6-B735-5A9D44C92CBA}.Release|x64.Build.0 = Release|x64
		{C0C0BC04-8274-40F6-B735-5A9D44C92CBA}.Release|x86.ActiveCfg = Release|Win32
		{C0C0BC04-8274-40F6-B735-5A9D44C92CBA}.Release|x86.Build.0 = Release|Win32
		{65913E5A-FED7-4CDF-A17C-07112EBA1081}.Debug|ARM.ActiveCfg = Debug|ARM
		{65913E5A-FED7-4CDF-A17C-07112EBA1081}.Debug|ARM.Build.0 = Debug|ARM
		{65913E5A-FED7-4CDF-A17C-07112EBA1081}.Debug|x64.ActiveCfg = Debug|x64
		{65913E5A-FED7-4CDF-A17C-07112EBA1081}.Debug|x64.Build.0 = Debug|x64
		{65913E5A-FED7-4CDF-A17C-07112EBA1081}.Debug|x86.ActiveCfg = Debug|Win32
		{65913E5A-FED7-4CDF-A17C-07112EBA1081}.Debug|x86.Build.0 = Debug|Win32
		{65913E5A-FED7-4CDF-A17C-07112EBA1081}.Release|ARM.ActiveCfg = Release|ARM
		{65913E5A-FED7-4CDF-A17C-07112EBA1081}.Release|ARM.Build.0 = Release|ARM
		{65913E5A-FED7-4CDF-A17C-07112EBA1081}.Release|x64.ActiveCfg = Release|x64
		{65913E5A-FED7-4CDF-A17C-07112EBA1081}.Release|x64.Build.0 = Release|x64
		{65913E5A-FED7-4CDF-A17C-07112EBA1081}.Release|x86.ActiveCfg = Release|Win32
		{65913E5A-FED7-4CDF-A17C-07112EBA1081}.Release|x86.Build.0 = Release|Win32
		{B17D23BF-DB1F-471D-B95E-4B332AEFA70A}.Debug|ARM.ActiveCfg = Debug|ARM
		{B17D23BF-DB1F-471D-B95E-4B332AEFA70A}.Debug|ARM.Build.0 = Debug|ARM
		{B17D23BF-DB1F-471D-B95E-4B332AEFA70A}.Debug|x64.ActiveCfg = Debug|x64
		{B17D23BF-DB1F-471D-B95E-4B332AEFA70A}.Debug|x64.Build.0 = Debug|x64
		{B17D23BF-DB1F-471D-B95E-4B332AEFA70A}.Debug|x86.ActiveCfg = Debug|Win32
		{B17D23BF-DB1F-471D-B95E-4B332AEFA70A}.Debug|x86.Build.0 = Debug|Win32
		{B17D23BF-DB1F-471D-B95E-4B332AEFA70A}.Release|ARM.ActiveCfg = Release|ARM
		{B17D23BF-DB1F-471D-B95E-4B332AEFA70A}.Release|ARM.Build.0 = Release|ARM
		{B17D23BF-DB1F-471D-B95E-4B332AEFA70A}.Release|x64.ActiveCfg = Release|x64
		{B17D23BF-DB1F-471D-B95E-4B332AEFA70A}.Release|x64.Build.0 = Release|x64
		{B17D23BF-DB1F-471D-B95E-4B332AEFA70A}.Release|x86.ActiveCfg = Release|Win32
		{B17D23BF-DB1F-471D-B95E-4B332AEFA70A}.Release|x86.Build.0 = Release|Win32
		{FBFCFB44-AEDB-4403-9B2A-2800FBAF70E2}.Debug|ARM.ActiveCfg = Debug|ARM
		{FBFCFB44-AEDB-4403-9B2A-2800FBAF70E2}.Debug|ARM.Build.0 = Debug|ARM
		{FBFCFB44-AEDB-4403-9B2A-2800FBAF70E2}.Debug|x64.ActiveCfg = Debug|x64
		{FBFCFB44-AEDB-4403-9B2A-2800FBAF70E2}.Debug|x64.Build.0 = Debug|x64
		{FBFCFB44-AEDB-4403-9B2A-2800FBAF70E2}.Debug|x86.ActiveCfg = Debug|Win32
		{FBFCFB44-AEDB-4403-9B2A-2800FBAF70E2}.Debug|x86.Build.0 = Debug|Win32
		{FBFCFB44-AEDB-4403-9B2A-2800FBAF70E2}.Release|ARM.ActiveCfg = Release|ARM
		{FBFCFB44-AEDB-4403-9B2A-2800FBAF70E2}.Release|ARM.Build.0 = Release|ARM
		{FBFCFB44-AEDB-4403-9B2A-2800FBAF70E2}.Release|x64.ActiveCfg = Release|x64
		{FBFCFB44-AEDB-4403-9B2A-2800FBAF70E2}.Release|x64.Build.0 = Release|x64
		{FBFCFB44-AEDB-4403-9B2A-2800FBAF70E2}.Release|x86.ActiveCfg = Release|Win32
		{FBFCFB44-AEDB-4403-9B2A-2800FBAF70E2}.Release|x86.Build.0 = Release|Win32
		{1328A12F-E030-4EE7-8A95-A0B1075C039C}.Debug|ARM.ActiveCfg = Debug|ARM
		{1328A12F-E030-4EE7-8A95-A0B1075C039C}.Debug|ARM.Build.0 = Debug|ARM
		{1328A12F-E030-4EE7-8A95-A0B1075C039C}.Debug|x64.ActiveCfg = Debug|x64
		{1328A12F-E030-4EE7-8A95-A0B1075C039C}.Debug|x64.Build.0 = Debug|x64
		{1328A12F-E030-4EE7-8A95-A0B1075C039C}.Debug|x86.ActiveCfg = Debug|Win32
		{1328A12F-E030-4EE7-8A95-A0B1075C039C}.Debug|x86.Build.0 = Debug|Win32
		{1328A12F-E030-4EE7-8A95-A0B1075C039C}.Release|ARM.ActiveCfg = Release|ARM
		{1328A12F-E030-4EE7-8A95-A0B1075C039C}.Release|ARM.Build.0 = Release|ARM
		{1328A12F-E030-4EE7-8A95-A0B1075C039C}.Release|x64.ActiveCfg = Release|x64
		{1328A12F-E030-4EE7-8A95-A0B1075C039C}.Release|x64.Build.0 = Release|x64
		{1328A12F-E030-4EE7-8A95-A0B1075C039C}.Release|x86.ActiveCfg = Release|Win32
		{1328A12F-E030-4EE7-8A95-A0B1075C039C}.Release|x86.Build.0 = Release|Win32
		{6CC02F41-E1BE-4059-BF76-F3923DE7BB9F}.Debug|ARM.ActiveCfg = Debug|ARM
		{6CC02F41-E1BE-4059-BF76-F3923DE7BB9F}.Debug|ARM.Build.0 = Debug|ARM
		{6CC02F41-E1BE-4059-BF76-F3923DE7BB9F}.Debug|x64.ActiveCfg = Debug|x64
		{6CC02F41-E1BE-4059-BF76-F3923DE7BB9F}.Debug|x64.Build.0 = Debug|x64
		{6CC02F41-E1BE-4059-BF76-F3923DE7BB9F}.Debug|x86.ActiveCfg = Debug|Win32
		{6CC02F41-E1BE-4059-BF76-F3923DE7BB9F}.Debug|x86.Build.0 = Debug|Win32
		{6CC02F41-E1BE-4059-BF76-F3923DE7BB9F}.Release|ARM.ActiveCfg = Release|ARM
		{6CC02F41-E1BE-4059-BF76-F3923DE7BB9F}.Release|ARM.Build.0 = Release|ARM
		{6CC02F41-E1BE-4059-BF76-F3923DE7BB9F}.Release|x64.ActiveCfg = Release|x64
		{6CC02F41-E1BE-4059-BF76-F3923DE7BB9F}.Release|x64.Build.0 = Release|x64
		{6CC02F41-E1BE-4059-BF76-F3923DE7BB9F}.Release|x86.ActiveCfg = Release|Win32
		{6CC02F41-E1BE-4059-BF76-F3923DE7BB9F}.Release|x86.Build.0 = Release|Win32
		{04EE73CD-B66F-42B4-ABA4-1E5D0FF5D857}.Debug|ARM.ActiveCfg = Debug|ARM
		{04EE73CD-B66F-42B4-ABA4-1E5D0FF5D857}.Debug|ARM.Build.0 = Debug|ARM
		{04EE73CD-B66F-42B4-ABA4-1E5D0FF5D857}.Debug|x64.ActiveCfg = Debug|x64
		{04EE73CD-B66F-42B4-ABA4-1E5D0FF5D857}.Debug|x64.Build.0 = Debug|x64
		{04EE73CD-B66F-42B4-ABA4-1E5D0FF5D857}.Debug|x86.ActiveCfg = Debug|Win32
		{04EE73CD-B66F-42B4-ABA4-1E5D0FF5D857}.Debug|x86.Build.0 = Debug|Win32
		{04EE73CD-B66F-42B4-ABA4-1E5D0FF5D857}.Release|ARM.ActiveCfg = Release|ARM
		{04EE73CD-B66F-42B4-ABA4-1E5D0FF5D857}.Release|ARM.Build.0 = Release|ARM
		{04EE73CD-B66F-42B4-ABA4-1E5D0FF5D857}.Release|x64.ActiveCfg = Release|x64
		{04EE73CD-B66F-42B4-ABA4-1E5D0FF5D857}.Release|x64.Build.0 = Release|x64
		{04EE73CD-B66F-42B4-ABA4-1E5D0FF5D857}.Release|x86.ActiveCfg = Release|Win32
		{04EE73CD-B66F-42B4-ABA4-1E5D0FF5D857}.Release|x86.Build.0 = Release|Win32
		{7F4D2E8D-0E90-451C-829B-6EB84B049C93}.Debug|ARM.ActiveCfg = Debug|ARM
		{7F4D2E8D-0E90-451C-829B-6EB84B049C93}.Debug|ARM.Build.0 = Debug|ARM
		{7F4D2E8D-0E90-451C-829B-6EB84B049C93}.Debug|x64.ActiveCfg = Debug|x64
		{7F4D2E8D-0E90-451C-829B-6EB84B049C93}.Debug|x64.Build.0 = Debug|x64
		{7F4D2E8D-0E90-451C-829B-6EB84B049C93}.Debug|x86.ActiveCfg = Debug|Win32
		{7F4D2E8D-0E90-451C-829B-6EB84B049C93}.Debug|x86.Build.0 = Debug|Win32
		{7F4D2E8D-0E90-451C-829B-6EB84B049C93}.Release|ARM.ActiveCfg = Release|ARM
		{7F4D2E8D-0E90-451C-829B-6EB84B049C93}.Release|ARM.Build.0 = Release|ARM
		{7F4D2E8D-0E90-451C-829B-6EB84B049C93}.Release|x64.ActiveCfg = Release|x64
		{7F4D2E8D-0E90-451C-829B-6EB84B049C93}.Release|x64.Build.0 = Release|x64
		{7F4D2E8D-0E90-451C-829B-6EB84B049C93}.Release|x86.ActiveCfg = Release|Win32
		{7F4D2E8D-0E90-451C-829B-6EB84B049C93}.Release|x86.Build.0 = Release|Win32
	EndGlobalSection
	GlobalSection(SolutionProperties) = preSolution
		HideSolutionNode = FALSE
	EndGlobalSection
	GlobalSection(NestedProjects) = preSolution
		{C8DF6173-06A1-4F56-A9BC-2002596B30E9} = {62B11107-83FC-49DE-8D5E-434933554B9C}
		{29B4D11F-59F3-4EBC-A769-3BABD140DB9A} = {7FD06D21-B10E-4EE0-8EF7-FA2CBA48220E}
		{3A833C7A-C776-4202-9DBD-BC879B23C605} = {93991D46-0946-49B8-AE5B-775E8F69E28B}
		{2E908AD5-95E9-4B2D-BD6E-BA3EA4C1A2EE} = {AF3A3BDA-0421-4B05-B5BD-4859142803DA}
		{5FBDC49A-7939-40F9-B78E-975F190ADBD3} = {AF3A3BDA-0421-4B05-B5BD-4859142803DA}
		{1EB035A3-815A-4382-90D3-4510AB605AD9} = {AF3A3BDA-0421-4B05-B5BD-4859142803DA}
		{ACEA4101-6F4A-44ED-9EC1-289821DAC711} = {AF3A3BDA-0421-4B05-B5BD-4859142803DA}
		{75E6DA8F-333E-488D-8DFA-01C4DB708E75} = {D88129B3-CE87-499E-B55A-C0EB080C39EE}
		{62B11107-83FC-49DE-8D5E-434933554B9C} = {D88129B3-CE87-499E-B55A-C0EB080C39EE}
		{7FD06D21-B10E-4EE0-8EF7-FA2CBA48220E} = {62B11107-83FC-49DE-8D5E-434933554B9C}
		{AF3A3BDA-0421-4B05-B5BD-4859142803DA} = {7FD06D21-B10E-4EE0-8EF7-FA2CBA48220E}
		{93991D46-0946-49B8-AE5B-775E8F69E28B} = {62B11107-83FC-49DE-8D5E-434933554B9C}
		{6BC6349C-E355-4F1C-9290-FF755114A84B} = {373FA17E-E1CF-47D8-8200-6F480E3B0708}
		{373FA17E-E1CF-47D8-8200-6F480E3B0708} = {93991D46-0946-49B8-AE5B-775E8F69E28B}
		{E3AB27F1-EB89-4C65-85DF-CB6A4F805753} = {373FA17E-E1CF-47D8-8200-6F480E3B0708}
		{936B2819-2364-45D9-901D-52878914FAFA} = {373FA17E-E1CF-47D8-8200-6F480E3B0708}
		{C0C0BC04-8274-40F6-B735-5A9D44C92CBA} = {75E6DA8F-333E-488D-8DFA-01C4DB708E75}
		{65913E5A-FED7-4CDF-A17C-07112EBA1081} = {75E6DA8F-333E-488D-8DFA-01C4DB708E75}
		{B17D23BF-DB1F-471D-B95E-4B332AEFA70A} = {95FF8F5A-BEA2-4D41-97A7-361482C10224}
		{FBFCFB44-AEDB-4403-9B2A-2800FBAF70E2} = {95FF8F5A-BEA2-4D41-97A7-361482C10224}
		{1328A12F-E030-4EE7-8A95-A0B1075C039C} = {95FF8F5A-BEA2-4D41-97A7-361482C10224}
		{6CC02F41-E1BE-4059-BF76-F3923DE7BB9F} = {95FF8F5A-BEA2-4D41-97A7-361482C10224}
		{04EE73CD-B66F-42B4-ABA4-1E5D0FF5D857} = {95FF8F5A-BEA2-4D41-97A7-361482C10224}
		{7F4D2E8D-0E90-451C-829B-6EB84B049C93} = {75E6DA8F-333E-488D-8DFA-01C4DB708E75}
		{95FF8F5A-BEA2-4D41-97A7-361482C10224} = {D88129B3-CE87-499E-B55A-C0EB080C39EE}
	EndGlobalSection
EndGlobal
